// !$*UTF8*$!
{
	archiveVersion = 1;
	classes = {
	};
	objectVersion = 46;
	objects = {

/* Begin PBXBuildFile section */
		C90FE5261BF3859400286B38 /* EventDetailViewController.m in Sources */ = {isa = PBXBuildFile; fileRef = C90FE5251BF3859400286B38 /* EventDetailViewController.m */; };
		C96E819B1BF1E3E2000E2024 /* main.m in Sources */ = {isa = PBXBuildFile; fileRef = C96E819A1BF1E3E2000E2024 /* main.m */; };
		C96E819E1BF1E3E2000E2024 /* AppDelegate.m in Sources */ = {isa = PBXBuildFile; fileRef = C96E819D1BF1E3E2000E2024 /* AppDelegate.m */; };
		C96E81A41BF1E3E2000E2024 /* Main.storyboard in Resources */ = {isa = PBXBuildFile; fileRef = C96E81A21BF1E3E2000E2024 /* Main.storyboard */; };
		C96E81A61BF1E3E2000E2024 /* Assets.xcassets in Resources */ = {isa = PBXBuildFile; fileRef = C96E81A51BF1E3E2000E2024 /* Assets.xcassets */; };
		C96E81A91BF1E3E2000E2024 /* LaunchScreen.storyboard in Resources */ = {isa = PBXBuildFile; fileRef = C96E81A71BF1E3E2000E2024 /* LaunchScreen.storyboard */; };
		C96E81B21BF1EBA7000E2024 /* MainViewController.m in Sources */ = {isa = PBXBuildFile; fileRef = C96E81B11BF1EBA7000E2024 /* MainViewController.m */; };
		C96E81B51BF1F145000E2024 /* EventViewController.m in Sources */ = {isa = PBXBuildFile; fileRef = C96E81B41BF1F145000E2024 /* EventViewController.m */; };
		C96E81B81BF211F2000E2024 /* EventCell.m in Sources */ = {isa = PBXBuildFile; fileRef = C96E81B71BF211F2000E2024 /* EventCell.m */; };
/* End PBXBuildFile section */

/* Begin PBXFileReference section */
		C90FE5241BF3859400286B38 /* EventDetailViewController.h */ = {isa = PBXFileReference; fileEncoding = 4; lastKnownFileType = sourcecode.c.h; path = EventDetailViewController.h; sourceTree = "<group>"; };
		C90FE5251BF3859400286B38 /* EventDetailViewController.m */ = {isa = PBXFileReference; fileEncoding = 4; lastKnownFileType = sourcecode.c.objc; path = EventDetailViewController.m; sourceTree = "<group>"; };
		C96E81961BF1E3E2000E2024 /* FEFU.app */ = {isa = PBXFileReference; explicitFileType = wrapper.application; includeInIndex = 0; path = FEFU.app; sourceTree = BUILT_PRODUCTS_DIR; };
		C96E819A1BF1E3E2000E2024 /* main.m */ = {isa = PBXFileReference; lastKnownFileType = sourcecode.c.objc; path = main.m; sourceTree = "<group>"; };
		C96E819C1BF1E3E2000E2024 /* AppDelegate.h */ = {isa = PBXFileReference; lastKnownFileType = sourcecode.c.h; path = AppDelegate.h; sourceTree = "<group>"; };
		C96E819D1BF1E3E2000E2024 /* AppDelegate.m */ = {isa = PBXFileReference; lastKnownFileType = sourcecode.c.objc; path = AppDelegate.m; sourceTree = "<group>"; };
		C96E81A31BF1E3E2000E2024 /* Base */ = {isa = PBXFileReference; lastKnownFileType = file.storyboard; name = Base; path = Base.lproj/Main.storyboard; sourceTree = "<group>"; };
		C96E81A51BF1E3E2000E2024 /* Assets.xcassets */ = {isa = PBXFileReference; lastKnownFileType = folder.assetcatalog; path = Assets.xcassets; sourceTree = "<group>"; };
		C96E81A81BF1E3E2000E2024 /* Base */ = {isa = PBXFileReference; lastKnownFileType = file.storyboard; name = Base; path = Base.lproj/LaunchScreen.storyboard; sourceTree = "<group>"; };
		C96E81AA1BF1E3E2000E2024 /* Info.plist */ = {isa = PBXFileReference; lastKnownFileType = text.plist.xml; path = Info.plist; sourceTree = "<group>"; };
		C96E81B01BF1EBA7000E2024 /* MainViewController.h */ = {isa = PBXFileReference; fileEncoding = 4; lastKnownFileType = sourcecode.c.h; path = MainViewController.h; sourceTree = "<group>"; };
		C96E81B11BF1EBA7000E2024 /* MainViewController.m */ = {isa = PBXFileReference; fileEncoding = 4; lastKnownFileType = sourcecode.c.objc; path = MainViewController.m; sourceTree = "<group>"; };
		C96E81B31BF1F145000E2024 /* EventViewController.h */ = {isa = PBXFileReference; fileEncoding = 4; lastKnownFileType = sourcecode.c.h; path = EventViewController.h; sourceTree = "<group>"; };
		C96E81B41BF1F145000E2024 /* EventViewController.m */ = {isa = PBXFileReference; fileEncoding = 4; lastKnownFileType = sourcecode.c.objc; path = EventViewController.m; sourceTree = "<group>"; };
		C96E81B61BF211F2000E2024 /* EventCell.h */ = {isa = PBXFileReference; fileEncoding = 4; lastKnownFileType = sourcecode.c.h; path = EventCell.h; sourceTree = "<group>"; };
		C96E81B71BF211F2000E2024 /* EventCell.m */ = {isa = PBXFileReference; fileEncoding = 4; lastKnownFileType = sourcecode.c.objc; path = EventCell.m; sourceTree = "<group>"; };
/* End PBXFileReference section */

/* Begin PBXFrameworksBuildPhase section */
		C96E81931BF1E3E2000E2024 /* Frameworks */ = {
			isa = PBXFrameworksBuildPhase;
			buildActionMask = 2147483647;
			files = (
			);
			runOnlyForDeploymentPostprocessing = 0;
		};
/* End PBXFrameworksBuildPhase section */

/* Begin PBXGroup section */
		C90FE5231BF3758D00286B38 /* Event */ = {
			isa = PBXGroup;
			children = (
				C96E81B61BF211F2000E2024 /* EventCell.h */,
				C96E81B71BF211F2000E2024 /* EventCell.m */,
				C96E81B31BF1F145000E2024 /* EventViewController.h */,
				C96E81B41BF1F145000E2024 /* EventViewController.m */,
				C90FE5241BF3859400286B38 /* EventDetailViewController.h */,
				C90FE5251BF3859400286B38 /* EventDetailViewController.m */,
			);
			name = Event;
			sourceTree = "<group>";
		};
		C96E818D1BF1E3E2000E2024 = {
			isa = PBXGroup;
			children = (
				C96E81981BF1E3E2000E2024 /* FEFU */,
				C96E81971BF1E3E2000E2024 /* Products */,
			);
			sourceTree = "<group>";
		};
		C96E81971BF1E3E2000E2024 /* Products */ = {
			isa = PBXGroup;
			children = (
				C96E81961BF1E3E2000E2024 /* FEFU.app */,
			);
			name = Products;
			sourceTree = "<group>";
		};
		C96E81981BF1E3E2000E2024 /* FEFU */ = {
			isa = PBXGroup;
			children = (
				C90FE5231BF3758D00286B38 /* Event */,
				C96E819C1BF1E3E2000E2024 /* AppDelegate.h */,
				C96E819D1BF1E3E2000E2024 /* AppDelegate.m */,
				C96E81B01BF1EBA7000E2024 /* MainViewController.h */,
				C96E81B11BF1EBA7000E2024 /* MainViewController.m */,
				C96E81A21BF1E3E2000E2024 /* Main.storyboard */,
				C96E81A51BF1E3E2000E2024 /* Assets.xcassets */,
				C96E81A71BF1E3E2000E2024 /* LaunchScreen.storyboard */,
				C96E81AA1BF1E3E2000E2024 /* Info.plist */,
				C96E81991BF1E3E2000E2024 /* Supporting Files */,
			);
			path = FEFU;
			sourceTree = "<group>";
		};
		C96E81991BF1E3E2000E2024 /* Supporting Files */ = {
			isa = PBXGroup;
			children = (
				C96E819A1BF1E3E2000E2024 /* main.m */,
			);
			name = "Supporting Files";
			sourceTree = "<group>";
		};
/* End PBXGroup section */

/* Begin PBXNativeTarget section */
		C96E81951BF1E3E2000E2024 /* FEFU */ = {
			isa = PBXNativeTarget;
			buildConfigurationList = C96E81AD1BF1E3E2000E2024 /* Build configuration list for PBXNativeTarget "FEFU" */;
			buildPhases = (
				C96E81921BF1E3E2000E2024 /* Sources */,
				C96E81931BF1E3E2000E2024 /* Frameworks */,
				C96E81941BF1E3E2000E2024 /* Resources */,
			);
			buildRules = (
			);
			dependencies = (
			);
			name = FEFU;
			productName = FEFU;
			productReference = C96E81961BF1E3E2000E2024 /* FEFU.app */;
			productType = "com.apple.product-type.application";
		};
/* End PBXNativeTarget section */

/* Begin PBXProject section */
		C96E818E1BF1E3E2000E2024 /* Project object */ = {
			isa = PBXProject;
			attributes = {
				LastUpgradeCheck = 0710;
				ORGANIZATIONNAME = FARPOST;
				TargetAttributes = {
					C96E81951BF1E3E2000E2024 = {
						CreatedOnToolsVersion = 7.1;
					};
				};
			};
			buildConfigurationList = C96E81911BF1E3E2000E2024 /* Build configuration list for PBXProject "FEFU" */;
			compatibilityVersion = "Xcode 3.2";
			developmentRegion = English;
			hasScannedForEncodings = 0;
			knownRegions = (
				en,
				Base,
			);
			mainGroup = C96E818D1BF1E3E2000E2024;
			productRefGroup = C96E81971BF1E3E2000E2024 /* Products */;
			projectDirPath = "";
			projectRoot = "";
			targets = (
				C96E81951BF1E3E2000E2024 /* FEFU */,
			);
		};
/* End PBXProject section */

/* Begin PBXResourcesBuildPhase section */
		C96E81941BF1E3E2000E2024 /* Resources */ = {
			isa = PBXResourcesBuildPhase;
			buildActionMask = 2147483647;
			files = (
				C96E81A91BF1E3E2000E2024 /* LaunchScreen.storyboard in Resources */,
				C96E81A61BF1E3E2000E2024 /* Assets.xcassets in Resources */,
				C96E81A41BF1E3E2000E2024 /* Main.storyboard in Resources */,
			);
			runOnlyForDeploymentPostprocessing = 0;
		};
/* End PBXResourcesBuildPhase section */

/* Begin PBXSourcesBuildPhase section */
		C96E81921BF1E3E2000E2024 /* Sources */ = {
			isa = PBXSourcesBuildPhase;
			buildActionMask = 2147483647;
			files = (
				C96E819E1BF1E3E2000E2024 /* AppDelegate.m in Sources */,
				C96E81B51BF1F145000E2024 /* EventViewController.m in Sources */,
				C96E819B1BF1E3E2000E2024 /* main.m in Sources */,
				C96E81B81BF211F2000E2024 /* EventCell.m in Sources */,
				C96E81B21BF1EBA7000E2024 /* MainViewController.m in Sources */,
				C90FE5261BF3859400286B38 /* EventDetailViewController.m in Sources */,
			);
			runOnlyForDeploymentPostprocessing = 0;
		};
/* End PBXSourcesBuildPhase section */

/* Begin PBXVariantGroup section */
		C96E81A21BF1E3E2000E2024 /* Main.storyboard */ = {
			isa = PBXVariantGroup;
			children = (
				C96E81A31BF1E3E2000E2024 /* Base */,
			);
			name = Main.storyboard;
			sourceTree = "<group>";
		};
		C96E81A71BF1E3E2000E2024 /* LaunchScreen.storyboard */ = {
			isa = PBXVariantGroup;
			children = (
				C96E81A81BF1E3E2000E2024 /* Base */,
			);
			name = LaunchScreen.storyboard;
			sourceTree = "<group>";
		};
/* End PBXVariantGroup section */

/* Begin XCBuildConfiguration section */
		C96E81AB1BF1E3E2000E2024 /* Debug */ = {
			isa = XCBuildConfiguration;
			buildSettings = {
				ALWAYS_SEARCH_USER_PATHS = NO;
				CLANG_CXX_LANGUAGE_STANDARD = "gnu++0x";
				CLANG_CXX_LIBRARY = "libc++";
				CLANG_ENABLE_MODULES = YES;
				CLANG_ENABLE_OBJC_ARC = YES;
				CLANG_WARN_BOOL_CONVERSION = YES;
				CLANG_WARN_CONSTANT_CONVERSION = YES;
				CLANG_WARN_DIRECT_OBJC_ISA_USAGE = YES_ERROR;
				CLANG_WARN_EMPTY_BODY = YES;
				CLANG_WARN_ENUM_CONVERSION = YES;
				CLANG_WARN_INT_CONVERSION = YES;
				CLANG_WARN_OBJC_ROOT_CLASS = YES_ERROR;
				CLANG_WARN_UNREACHABLE_CODE = YES;
				CLANG_WARN__DUPLICATE_METHOD_MATCH = YES;
				"CODE_SIGN_IDENTITY[sdk=iphoneos*]" = "iPhone Developer";
				COPY_PHASE_STRIP = NO;
				DEBUG_INFORMATION_FORMAT = dwarf;
				ENABLE_STRICT_OBJC_MSGSEND = YES;
				ENABLE_TESTABILITY = YES;
				GCC_C_LANGUAGE_STANDARD = gnu99;
				GCC_DYNAMIC_NO_PIC = NO;
				GCC_NO_COMMON_BLOCKS = YES;
				GCC_OPTIMIZATION_LEVEL = 0;
				GCC_PREPROCESSOR_DEFINITIONS = (
					"DEBUG=1",
					"$(inherited)",
				);
				GCC_WARN_64_TO_32_BIT_CONVERSION = YES;
				GCC_WARN_ABOUT_RETURN_TYPE = YES_ERROR;
				GCC_WARN_UNDECLARED_SELECTOR = YES;
				GCC_WARN_UNINITIALIZED_AUTOS = YES_AGGRESSIVE;
				GCC_WARN_UNUSED_FUNCTION = YES;
				GCC_WARN_UNUSED_VARIABLE = YES;
				IPHONEOS_DEPLOYMENT_TARGET = 9.1;
				MTL_ENABLE_DEBUG_INFO = YES;
				ONLY_ACTIVE_ARCH = YES;
				SDKROOT = iphoneos;
			};
			name = Debug;
		};
		C96E81AC1BF1E3E2000E2024 /* Release */ = {
			isa = XCBuildConfiguration;
			buildSettings = {
				ALWAYS_SEARCH_USER_PATHS = NO;
				CLANG_CXX_LANGUAGE_STANDARD = "gnu++0x";
				CLANG_CXX_LIBRARY = "libc++";
				CLANG_ENABLE_MODULES = YES;
				CLANG_ENABLE_OBJC_ARC = YES;
				CLANG_WARN_BOOL_CONVERSION = YES;
				CLANG_WARN_CONSTANT_CONVERSION = YES;
				CLANG_WARN_DIRECT_OBJC_ISA_USAGE = YES_ERROR;
				CLANG_WARN_EMPTY_BODY = YES;
				CLANG_WARN_ENUM_CONVERSION = YES;
				CLANG_WARN_INT_CONVERSION = YES;
				CLANG_WARN_OBJC_ROOT_CLASS = YES_ERROR;
				CLANG_WARN_UNREACHABLE_CODE = YES;
				CLANG_WARN__DUPLICATE_METHOD_MATCH = YES;
				"CODE_SIGN_IDENTITY[sdk=iphoneos*]" = "iPhone Developer";
				COPY_PHASE_STRIP = NO;
				DEBUG_INFORMATION_FORMAT = "dwarf-with-dsym";
				ENABLE_NS_ASSERTIONS = NO;
				ENABLE_STRICT_OBJC_MSGSEND = YES;
				GCC_C_LANGUAGE_STANDARD = gnu99;
				GCC_NO_COMMON_BLOCKS = YES;
				GCC_WARN_64_TO_32_BIT_CONVERSION = YES;
				GCC_WARN_ABOUT_RETURN_TYPE = YES_ERROR;
				GCC_WARN_UNDECLARED_SELECTOR = YES;
				GCC_WARN_UNINITIALIZED_AUTOS = YES_AGGRESSIVE;
				GCC_WARN_UNUSED_FUNCTION = YES;
				GCC_WARN_UNUSED_VARIABLE = YES;
				IPHONEOS_DEPLOYMENT_TARGET = 9.1;
				MTL_ENABLE_DEBUG_INFO = NO;
				SDKROOT = iphoneos;
				VALIDATE_PRODUCT = YES;
			};
			name = Release;
		};
		C96E81AE1BF1E3E2000E2024 /* Debug */ = {
			isa = XCBuildConfiguration;
			buildSettings = {
				ASSETCATALOG_COMPILER_APPICON_NAME = AppIcon;
				INFOPLIST_FILE = FEFU/Info.plist;
				LD_RUNPATH_SEARCH_PATHS = "$(inherited) @executable_path/Frameworks";
				PRODUCT_BUNDLE_IDENTIFIER = FARPOST.FEFU;
				PRODUCT_NAME = "$(TARGET_NAME)";
			};
			name = Debug;
		};
		C96E81AF1BF1E3E2000E2024 /* Release */ = {
			isa = XCBuildConfiguration;
			buildSettings = {
				ASSETCATALOG_COMPILER_APPICON_NAME = AppIcon;
				INFOPLIST_FILE = FEFU/Info.plist;
				LD_RUNPATH_SEARCH_PATHS = "$(inherited) @executable_path/Frameworks";
				PRODUCT_BUNDLE_IDENTIFIER = FARPOST.FEFU;
				PRODUCT_NAME = "$(TARGET_NAME)";
			};
			name = Release;
		};
/* End XCBuildConfiguration section */

/* Begin XCConfigurationList section */
		C96E81911BF1E3E2000E2024 /* Build configuration list for PBXProject "FEFU" */ = {
			isa = XCConfigurationList;
			buildConfigurations = (
				C96E81AB1BF1E3E2000E2024 /* Debug */,
				C96E81AC1BF1E3E2000E2024 /* Release */,
			);
			defaultConfigurationIsVisible = 0;
			defaultConfigurationName = Release;
		};
		C96E81AD1BF1E3E2000E2024 /* Build configuration list for PBXNativeTarget "FEFU" */ = {
			isa = XCConfigurationList;
			buildConfigurations = (
				C96E81AE1BF1E3E2000E2024 /* Debug */,
				C96E81AF1BF1E3E2000E2024 /* Release */,
			);
			defaultConfigurationIsVisible = 0;
			defaultConfigurationName = Release;
		};
/* End XCConfigurationList section */
	};
	rootObject = C96E818E1BF1E3E2000E2024 /* Project object */;
}
